
Microsoft Visual Studio Solution File, Format Version 12.00
# Visual Studio Version 17
VisualStudioVersion = 17.0.31903.59
MinimumVisualStudioVersion = 10.0.40219.1
Project("{FAE04EC0-301F-11D3-BF4B-00C04F79EFBC}") = "BuberBreakfast.Contracts", "BuberBreakfast.Contracts\BuberBreakfast.Contracts.csproj", "{24DFAAEE-85CD-411D-8DF1-910BF59E19C6}"
EndProject
Project("{FAE04EC0-301F-11D3-BF4B-00C04F79EFBC}") = "BuberBreakfast", "BuberBreakfast\BuberBreakfast.csproj", "{B02CA570-1228-496F-A337-305F1CB72210}"
EndProject
Global
	GlobalSection(SolutionConfigurationPlatforms) = preSolution
		Debug|Any CPU = Debug|Any CPU
		Release|Any CPU = Release|Any CPU
	EndGlobalSection
	GlobalSection(SolutionProperties) = preSolution
		HideSolutionNode = FALSE
	EndGlobalSection
	GlobalSection(ProjectConfigurationPlatforms) = postSolution
		{24DFAAEE-85CD-411D-8DF1-910BF59E19C6}.Debug|Any CPU.ActiveCfg = Debug|Any CPU
		{24DFAAEE-85CD-411D-8DF1-910BF59E19C6}.Debug|Any CPU.Build.0 = Debug|Any CPU
		{24DFAAEE-85CD-411D-8DF1-910BF59E19C6}.Release|Any CPU.ActiveCfg = Release|Any CPU
		{24DFAAEE-85CD-411D-8DF1-910BF59E19C6}.Release|Any CPU.Build.0 = Release|Any CPU
		{B02CA570-1228-496F-A337-305F1CB72210}.Debug|Any CPU.ActiveCfg = Debug|Any CPU
		{B02CA570-1228-496F-A337-305F1CB72210}.Debug|Any CPU.Build.0 = Debug|Any CPU
		{B02CA570-1228-496F-A337-305F1CB72210}.Release|Any CPU.ActiveCfg = Release|Any CPU
		{B02CA570-1228-496F-A337-305F1CB72210}.Release|Any CPU.Build.0 = Release|Any CPU
	EndGlobalSection
EndGlobal
